
Microsoft Visual Studio Solution File, Format Version 12.00
# Visual Studio Version 17
VisualStudioVersion = 17.0.31903.59
MinimumVisualStudioVersion = 10.0.40219.1
Project("{FAE04EC0-301F-11D3-BF4B-00C04F79EFBC}") = "Safaricom.Mpesa.Et", "Safaricom.Mpesa.Et\Safaricom.Mpesa.Et.csproj", "{760E39E5-817A-43F7-8298-40A5EE9E73DE}"
EndProject
Project("{FAE04EC0-301F-11D3-BF4B-00C04F79EFBC}") = "Safaricom.Mpesa.Et.Sample", "Safaricom.Mpesa.Et.Sample\Safaricom.Mpesa.Et.Sample.csproj", "{A82DF6A0-F10F-4419-B12F-9298E45FF0F1}"
EndProject
Global
	GlobalSection(SolutionConfigurationPlatforms) = preSolution
		Debug|Any CPU = Debug|Any CPU
		Release|Any CPU = Release|Any CPU
	EndGlobalSection
	GlobalSection(SolutionProperties) = preSolution
		HideSolutionNode = FALSE
	EndGlobalSection
	GlobalSection(ProjectConfigurationPlatforms) = postSolution
		{760E39E5-817A-43F7-8298-40A5EE9E73DE}.Debug|Any CPU.ActiveCfg = Debug|Any CPU
		{760E39E5-817A-43F7-8298-40A5EE9E73DE}.Debug|Any CPU.Build.0 = Debug|Any CPU
		{760E39E5-817A-43F7-8298-40A5EE9E73DE}.Release|Any CPU.ActiveCfg = Release|Any CPU
		{760E39E5-817A-43F7-8298-40A5EE9E73DE}.Release|Any CPU.Build.0 = Release|Any CPU
		{A82DF6A0-F10F-4419-B12F-9298E45FF0F1}.Debug|Any CPU.ActiveCfg = Debug|Any CPU
		{A82DF6A0-F10F-4419-B12F-9298E45FF0F1}.Debug|Any CPU.Build.0 = Debug|Any CPU
		{A82DF6A0-F10F-4419-B12F-9298E45FF0F1}.Release|Any CPU.ActiveCfg = Release|Any CPU
		{A82DF6A0-F10F-4419-B12F-9298E45FF0F1}.Release|Any CPU.Build.0 = Release|Any CPU
	EndGlobalSection
EndGlobal
